# This file is automatically @generated by Cargo.
# It is not intended for manual editing.
version = 3

[[package]]
name = "artist"
version = "0.1.0"
dependencies = [
 "collections",
 "lazy_static",
 "machine",
 "num",
 "physics",
 "sync",
]

[[package]]
name = "blasterball"
version = "0.1.0"
dependencies = [
 "artist",
 "collections",
 "drivers",
 "event_hook",
 "machine",
 "physics",
 "tester",
]

[[package]]
name = "bootloader"
version = "0.1.0"
dependencies = [
 "artist",
 "blasterball",
 "collections",
 "drivers",
 "event_hook",
 "lazy_static",
 "machine",
 "sync",
 "tester",
]

[[package]]
name = "collections"
version = "0.1.0"
dependencies = [
 "lazy_static",
 "machine",
 "sync",
]

[[package]]
name = "drivers"
version = "0.1.0"

[[package]]
name = "event_hook"
version = "0.1.0"
dependencies = [
 "artist",
 "collections",
 "drivers",
 "lazy_static",
 "machine",
 "sync",
]

[[package]]
name = "lazy_static"
version = "0.1.0"
dependencies = [
 "tester",
]

[[package]]
name = "machine"
version = "0.1.0"
dependencies = [
 "num",
]

[[package]]
name = "num"
version = "0.1.0"
dependencies = [
 "tester",
]

[[package]]
name = "physics"
version = "0.1.0"
dependencies = [
 "num",
]

[[package]]
name = "sync"
version = "0.1.0"

[[package]]
name = "tester"
version = "0.1.0"
