# This file is automatically @generated by Cargo.
# It is not intended for manual editing.
version = 3

[[package]]
name = "blasterball"
version = "0.1.0"
dependencies = [
 "machine",
 "printer",
 "tester",
]

[[package]]
name = "bootloader"
version = "0.1.0"
dependencies = [
 "blasterball",
 "drivers",
 "lazy_static",
 "machine",
 "printer",
 "sync",
 "tester",
]

[[package]]
name = "drivers"
version = "0.1.0"

[[package]]
name = "lazy_static"
version = "0.1.0"
dependencies = [
 "tester",
]

[[package]]
name = "machine"
version = "0.1.0"
dependencies = [
 "num",
]

[[package]]
name = "num"
version = "0.1.0"
dependencies = [
 "tester",
]

[[package]]
name = "printer"
version = "0.1.0"
dependencies = [
 "lazy_static",
 "machine",
 "num",
 "sync",
]

[[package]]
name = "sync"
version = "0.1.0"

[[package]]
name = "tester"
version = "0.1.0"
